
Microsoft Visual Studio Solution File, Format Version 12.00
# Visual Studio Version 16
VisualStudioVersion = 16.0.29326.143
MinimumVisualStudioVersion = 10.0.40219.1
Project("{9A19103F-16F7-4668-BE54-9A1E7A4F7556}") = "Overmapper", "Overmapper.csproj", "{4F77E466-3BF7-4B14-898C-E7C4B5DDD259}"
EndProject
Global
	GlobalSection(SolutionConfigurationPlatforms) = preSolution
		Debug|Any CPU = Debug|Any CPU
		Release|Any CPU = Release|Any CPU
	EndGlobalSection
	GlobalSection(ProjectConfigurationPlatforms) = postSolution
		{4F77E466-3BF7-4B14-898C-E7C4B5DDD259}.Debug|Any CPU.ActiveCfg = Debug|Any CPU
		{4F77E466-3BF7-4B14-898C-E7C4B5DDD259}.Debug|Any CPU.Build.0 = Debug|Any CPU
		{4F77E466-3BF7-4B14-898C-E7C4B5DDD259}.Release|Any CPU.ActiveCfg = Release|Any CPU
		{4F77E466-3BF7-4B14-898C-E7C4B5DDD259}.Release|Any CPU.Build.0 = Release|Any CPU
	EndGlobalSection
	GlobalSection(SolutionProperties) = preSolution
		HideSolutionNode = FALSE
	EndGlobalSection
	GlobalSection(ExtensibilityGlobals) = postSolution
		SolutionGuid = {FB1E7996-97D9-467E-9185-77AD8A49FABF}
	EndGlobalSection
EndGlobal
